
Microsoft Visual Studio Solution File, Format Version 12.00
# Visual Studio Version 16
VisualStudioVersion = 16.0.30517.126
MinimumVisualStudioVersion = 10.0.40219.1
Project("{FAE04EC0-301F-11D3-BF4B-00C04F79EFBC}") = "ControlFlow", "ControlFlow\ControlFlow.csproj", "{CA309F99-67B3-4D28-820F-68D4F6138E06}"
EndProject
Project("{FAE04EC0-301F-11D3-BF4B-00C04F79EFBC}") = "WhenWereYouBorn", "WhenWereYouBorn\WhenWereYouBorn.csproj", "{0E9B9677-69CD-4FE9-90E8-843F117B5AEA}"
EndProject
Project("{FAE04EC0-301F-11D3-BF4B-00C04F79EFBC}") = "DrivingLisence", "DrivingLisence\DrivingLisence.csproj", "{A9BB39A5-CCCC-4A96-8009-842BBDA58D1D}"
EndProject
Global
	GlobalSection(SolutionConfigurationPlatforms) = preSolution
		Debug|Any CPU = Debug|Any CPU
		Release|Any CPU = Release|Any CPU
	EndGlobalSection
	GlobalSection(ProjectConfigurationPlatforms) = postSolution
		{CA309F99-67B3-4D28-820F-68D4F6138E06}.Debug|Any CPU.ActiveCfg = Debug|Any CPU
		{CA309F99-67B3-4D28-820F-68D4F6138E06}.Debug|Any CPU.Build.0 = Debug|Any CPU
		{CA309F99-67B3-4D28-820F-68D4F6138E06}.Release|Any CPU.ActiveCfg = Release|Any CPU
		{CA309F99-67B3-4D28-820F-68D4F6138E06}.Release|Any CPU.Build.0 = Release|Any CPU
		{0E9B9677-69CD-4FE9-90E8-843F117B5AEA}.Debug|Any CPU.ActiveCfg = Debug|Any CPU
		{0E9B9677-69CD-4FE9-90E8-843F117B5AEA}.Debug|Any CPU.Build.0 = Debug|Any CPU
		{0E9B9677-69CD-4FE9-90E8-843F117B5AEA}.Release|Any CPU.ActiveCfg = Release|Any CPU
		{0E9B9677-69CD-4FE9-90E8-843F117B5AEA}.Release|Any CPU.Build.0 = Release|Any CPU
		{A9BB39A5-CCCC-4A96-8009-842BBDA58D1D}.Debug|Any CPU.ActiveCfg = Debug|Any CPU
		{A9BB39A5-CCCC-4A96-8009-842BBDA58D1D}.Debug|Any CPU.Build.0 = Debug|Any CPU
		{A9BB39A5-CCCC-4A96-8009-842BBDA58D1D}.Release|Any CPU.ActiveCfg = Release|Any CPU
		{A9BB39A5-CCCC-4A96-8009-842BBDA58D1D}.Release|Any CPU.Build.0 = Release|Any CPU
	EndGlobalSection
	GlobalSection(SolutionProperties) = preSolution
		HideSolutionNode = FALSE
	EndGlobalSection
	GlobalSection(ExtensibilityGlobals) = postSolution
		SolutionGuid = {65906467-F844-43C2-8C7F-5F9B15E28D86}
	EndGlobalSection
EndGlobal
